
Microsoft Visual Studio Solution File, Format Version 12.00
# Visual Studio 15
VisualStudioVersion = 15.0.27130.2036
MinimumVisualStudioVersion = 10.0.40219.1
Project("{9A19103F-16F7-4668-BE54-9A1E7A4F7556}") = "New2Neat", "New2Neat\New2Neat.csproj", "{3A8DA503-6D57-41F8-B4AE-CB5F802EE09A}"
EndProject
Global
	GlobalSection(SolutionConfigurationPlatforms) = preSolution
		Debug|Any CPU = Debug|Any CPU
		Release|Any CPU = Release|Any CPU
	EndGlobalSection
	GlobalSection(ProjectConfigurationPlatforms) = postSolution
		{3A8DA503-6D57-41F8-B4AE-CB5F802EE09A}.Debug|Any CPU.ActiveCfg = Debug|Any CPU
		{3A8DA503-6D57-41F8-B4AE-CB5F802EE09A}.Debug|Any CPU.Build.0 = Debug|Any CPU
		{3A8DA503-6D57-41F8-B4AE-CB5F802EE09A}.Release|Any CPU.ActiveCfg = Release|Any CPU
		{3A8DA503-6D57-41F8-B4AE-CB5F802EE09A}.Release|Any CPU.Build.0 = Release|Any CPU
	EndGlobalSection
	GlobalSection(SolutionProperties) = preSolution
		HideSolutionNode = FALSE
	EndGlobalSection
	GlobalSection(ExtensibilityGlobals) = postSolution
		SolutionGuid = {9311CB79-D1C0-4D29-BE92-5FCF3C1D5180}
	EndGlobalSection
EndGlobal
